// !$*UTF8*$!
{
	archiveVersion = 1;
	classes = {
	};
	objectVersion = 50;
	objects = {

/* Begin PBXBuildFile section */
		31751A6725F2DCE300B17CAC /* Category.swift in Sources */ = {isa = PBXBuildFile; fileRef = 31751A6625F2DCE200B17CAC /* Category.swift */; };
		31751A6B25F2DF5700B17CAC /* Urls.swift in Sources */ = {isa = PBXBuildFile; fileRef = 31751A6A25F2DF5700B17CAC /* Urls.swift */; };
		31751A6E25F2DFFA00B17CAC /* BTCRate.swift in Sources */ = {isa = PBXBuildFile; fileRef = 31751A6D25F2DFFA00B17CAC /* BTCRate.swift */; };
		3175D0BC25F2B97B00B0AE2D /* AppDelegate.swift in Sources */ = {isa = PBXBuildFile; fileRef = 3175D0BB25F2B97B00B0AE2D /* AppDelegate.swift */; };
		3175D0C625F2B97B00B0AE2D /* BudgetViewer.xcdatamodeld in Sources */ = {isa = PBXBuildFile; fileRef = 3175D0C425F2B97B00B0AE2D /* BudgetViewer.xcdatamodeld */; };
		3175D0C825F2B97F00B0AE2D /* Assets.xcassets in Resources */ = {isa = PBXBuildFile; fileRef = 3175D0C725F2B97F00B0AE2D /* Assets.xcassets */; };
		3175D0CB25F2B97F00B0AE2D /* LaunchScreen.storyboard in Resources */ = {isa = PBXBuildFile; fileRef = 3175D0C925F2B97F00B0AE2D /* LaunchScreen.storyboard */; };
		3175D0D425F2BAD900B0AE2D /* CoreDataManager.swift in Sources */ = {isa = PBXBuildFile; fileRef = 3175D0D325F2BAD900B0AE2D /* CoreDataManager.swift */; };
		319F0B5725F2D05B006CBD0C /* Account+CoreDataClass.swift in Sources */ = {isa = PBXBuildFile; fileRef = 319F0B5325F2D05A006CBD0C /* Account+CoreDataClass.swift */; };
		319F0B5825F2D05B006CBD0C /* Account+CoreDataProperties.swift in Sources */ = {isa = PBXBuildFile; fileRef = 319F0B5425F2D05A006CBD0C /* Account+CoreDataProperties.swift */; };
		319F0B5925F2D05B006CBD0C /* Transaction+CoreDataClass.swift in Sources */ = {isa = PBXBuildFile; fileRef = 319F0B5525F2D05B006CBD0C /* Transaction+CoreDataClass.swift */; };
		319F0B5A25F2D05B006CBD0C /* Transaction+CoreDataProperties.swift in Sources */ = {isa = PBXBuildFile; fileRef = 319F0B5625F2D05B006CBD0C /* Transaction+CoreDataProperties.swift */; };
		31AC83E325F2BD2D009C541C /* Coordinator.swift in Sources */ = {isa = PBXBuildFile; fileRef = 31AC83E225F2BD2D009C541C /* Coordinator.swift */; };
		31AC83E725F2BD65009C541C /* AppCoordinator.swift in Sources */ = {isa = PBXBuildFile; fileRef = 31AC83E625F2BD65009C541C /* AppCoordinator.swift */; };
		31AC83EA25F2BDD1009C541C /* TransactionsViewController.swift in Sources */ = {isa = PBXBuildFile; fileRef = 31AC83E925F2BDD1009C541C /* TransactionsViewController.swift */; };
		31AC83ED25F2BDFE009C541C /* TransactionsViewModel.swift in Sources */ = {isa = PBXBuildFile; fileRef = 31AC83EC25F2BDFE009C541C /* TransactionsViewModel.swift */; };
		31AC83F025F2C220009C541C /* TransactionsCoordinator.swift in Sources */ = {isa = PBXBuildFile; fileRef = 31AC83EF25F2C220009C541C /* TransactionsCoordinator.swift */; };
		31DEB32D25F2C3F000537757 /* AddTransactionViewController.swift in Sources */ = {isa = PBXBuildFile; fileRef = 31DEB32C25F2C3F000537757 /* AddTransactionViewController.swift */; };
		31DEB33025F2C40F00537757 /* AddTransactionViewModel.swift in Sources */ = {isa = PBXBuildFile; fileRef = 31DEB32F25F2C40F00537757 /* AddTransactionViewModel.swift */; };
		31DEB33325F2C42000537757 /* AddTransactionCoordinator.swift in Sources */ = {isa = PBXBuildFile; fileRef = 31DEB33225F2C42000537757 /* AddTransactionCoordinator.swift */; };
		31DFF97C25F37FF5009249CF /* TransactionTableViewCell.swift in Sources */ = {isa = PBXBuildFile; fileRef = 31DFF97B25F37FF5009249CF /* TransactionTableViewCell.swift */; };
		31DFF98025F37FFF009249CF /* ReuseIdentifiable.swift in Sources */ = {isa = PBXBuildFile; fileRef = 31DFF97F25F37FFF009249CF /* ReuseIdentifiable.swift */; };
/* End PBXBuildFile section */

/* Begin PBXFileReference section */
		31751A6625F2DCE200B17CAC /* Category.swift */ = {isa = PBXFileReference; lastKnownFileType = sourcecode.swift; path = Category.swift; sourceTree = "<group>"; };
		31751A6A25F2DF5700B17CAC /* Urls.swift */ = {isa = PBXFileReference; lastKnownFileType = sourcecode.swift; path = Urls.swift; sourceTree = "<group>"; };
		31751A6D25F2DFFA00B17CAC /* BTCRate.swift */ = {isa = PBXFileReference; lastKnownFileType = sourcecode.swift; path = BTCRate.swift; sourceTree = "<group>"; };
		3175D0B825F2B97B00B0AE2D /* BudgetViewer.app */ = {isa = PBXFileReference; explicitFileType = wrapper.application; includeInIndex = 0; path = BudgetViewer.app; sourceTree = BUILT_PRODUCTS_DIR; };
		3175D0BB25F2B97B00B0AE2D /* AppDelegate.swift */ = {isa = PBXFileReference; lastKnownFileType = sourcecode.swift; path = AppDelegate.swift; sourceTree = "<group>"; };
		3175D0C525F2B97B00B0AE2D /* BudgetViewer.xcdatamodel */ = {isa = PBXFileReference; lastKnownFileType = wrapper.xcdatamodel; path = BudgetViewer.xcdatamodel; sourceTree = "<group>"; };
		3175D0C725F2B97F00B0AE2D /* Assets.xcassets */ = {isa = PBXFileReference; lastKnownFileType = folder.assetcatalog; path = Assets.xcassets; sourceTree = "<group>"; };
		3175D0CA25F2B97F00B0AE2D /* Base */ = {isa = PBXFileReference; lastKnownFileType = file.storyboard; name = Base; path = Base.lproj/LaunchScreen.storyboard; sourceTree = "<group>"; };
		3175D0CC25F2B97F00B0AE2D /* Info.plist */ = {isa = PBXFileReference; lastKnownFileType = text.plist.xml; path = Info.plist; sourceTree = "<group>"; };
		3175D0D325F2BAD900B0AE2D /* CoreDataManager.swift */ = {isa = PBXFileReference; lastKnownFileType = sourcecode.swift; path = CoreDataManager.swift; sourceTree = "<group>"; };
		319F0B5325F2D05A006CBD0C /* Account+CoreDataClass.swift */ = {isa = PBXFileReference; lastKnownFileType = sourcecode.swift; path = "Account+CoreDataClass.swift"; sourceTree = "<group>"; };
		319F0B5425F2D05A006CBD0C /* Account+CoreDataProperties.swift */ = {isa = PBXFileReference; lastKnownFileType = sourcecode.swift; path = "Account+CoreDataProperties.swift"; sourceTree = "<group>"; };
		319F0B5525F2D05B006CBD0C /* Transaction+CoreDataClass.swift */ = {isa = PBXFileReference; lastKnownFileType = sourcecode.swift; path = "Transaction+CoreDataClass.swift"; sourceTree = "<group>"; };
		319F0B5625F2D05B006CBD0C /* Transaction+CoreDataProperties.swift */ = {isa = PBXFileReference; lastKnownFileType = sourcecode.swift; path = "Transaction+CoreDataProperties.swift"; sourceTree = "<group>"; };
		31AC83E225F2BD2D009C541C /* Coordinator.swift */ = {isa = PBXFileReference; lastKnownFileType = sourcecode.swift; path = Coordinator.swift; sourceTree = "<group>"; };
		31AC83E625F2BD65009C541C /* AppCoordinator.swift */ = {isa = PBXFileReference; lastKnownFileType = sourcecode.swift; path = AppCoordinator.swift; sourceTree = "<group>"; };
		31AC83E925F2BDD1009C541C /* TransactionsViewController.swift */ = {isa = PBXFileReference; lastKnownFileType = sourcecode.swift; path = TransactionsViewController.swift; sourceTree = "<group>"; };
		31AC83EC25F2BDFE009C541C /* TransactionsViewModel.swift */ = {isa = PBXFileReference; lastKnownFileType = sourcecode.swift; path = TransactionsViewModel.swift; sourceTree = "<group>"; };
		31AC83EF25F2C220009C541C /* TransactionsCoordinator.swift */ = {isa = PBXFileReference; lastKnownFileType = sourcecode.swift; path = TransactionsCoordinator.swift; sourceTree = "<group>"; };
		31DEB32C25F2C3F000537757 /* AddTransactionViewController.swift */ = {isa = PBXFileReference; lastKnownFileType = sourcecode.swift; path = AddTransactionViewController.swift; sourceTree = "<group>"; };
		31DEB32F25F2C40F00537757 /* AddTransactionViewModel.swift */ = {isa = PBXFileReference; lastKnownFileType = sourcecode.swift; path = AddTransactionViewModel.swift; sourceTree = "<group>"; };
		31DEB33225F2C42000537757 /* AddTransactionCoordinator.swift */ = {isa = PBXFileReference; lastKnownFileType = sourcecode.swift; path = AddTransactionCoordinator.swift; sourceTree = "<group>"; };
		31DFF97B25F37FF5009249CF /* TransactionTableViewCell.swift */ = {isa = PBXFileReference; lastKnownFileType = sourcecode.swift; path = TransactionTableViewCell.swift; sourceTree = "<group>"; };
		31DFF97F25F37FFF009249CF /* ReuseIdentifiable.swift */ = {isa = PBXFileReference; lastKnownFileType = sourcecode.swift; path = ReuseIdentifiable.swift; sourceTree = "<group>"; };
/* End PBXFileReference section */

/* Begin PBXFrameworksBuildPhase section */
		3175D0B525F2B97B00B0AE2D /* Frameworks */ = {
			isa = PBXFrameworksBuildPhase;
			buildActionMask = 2147483647;
			files = (
			);
			runOnlyForDeploymentPostprocessing = 0;
		};
/* End PBXFrameworksBuildPhase section */

/* Begin PBXGroup section */
		31751A6525F2DCDB00B17CAC /* Constants */ = {
			isa = PBXGroup;
			children = (
				31751A6625F2DCE200B17CAC /* Category.swift */,
				31751A6A25F2DF5700B17CAC /* Urls.swift */,
			);
			path = Constants;
			sourceTree = "<group>";
		};
		3175D0AF25F2B97B00B0AE2D = {
			isa = PBXGroup;
			children = (
				3175D0BA25F2B97B00B0AE2D /* BudgetViewer */,
				3175D0B925F2B97B00B0AE2D /* Products */,
			);
			sourceTree = "<group>";
		};
		3175D0B925F2B97B00B0AE2D /* Products */ = {
			isa = PBXGroup;
			children = (
				3175D0B825F2B97B00B0AE2D /* BudgetViewer.app */,
			);
			name = Products;
			sourceTree = "<group>";
		};
		3175D0BA25F2B97B00B0AE2D /* BudgetViewer */ = {
			isa = PBXGroup;
			children = (
				31751A6525F2DCDB00B17CAC /* Constants */,
				31DEB33F25F2CEA700537757 /* Models */,
				317EC4C925F2C3BD000977B2 /* AddTransaction */,
				317EC4C825F2C3B1000977B2 /* Transactions */,
				31AC83E125F2BD16009C541C /* Protocols */,
				3175D0BB25F2B97B00B0AE2D /* AppDelegate.swift */,
				3175D0C725F2B97F00B0AE2D /* Assets.xcassets */,
				3175D0C925F2B97F00B0AE2D /* LaunchScreen.storyboard */,
				3175D0CC25F2B97F00B0AE2D /* Info.plist */,
				3175D0C425F2B97B00B0AE2D /* BudgetViewer.xcdatamodeld */,
				3175D0D325F2BAD900B0AE2D /* CoreDataManager.swift */,
				31AC83E625F2BD65009C541C /* AppCoordinator.swift */,
			);
			path = BudgetViewer;
			sourceTree = "<group>";
		};
		317EC4C825F2C3B1000977B2 /* Transactions */ = {
			isa = PBXGroup;
			children = (
				31DFF97A25F37FEA009249CF /* TableView */,
				31AC83EF25F2C220009C541C /* TransactionsCoordinator.swift */,
				31AC83E925F2BDD1009C541C /* TransactionsViewController.swift */,
				31AC83EC25F2BDFE009C541C /* TransactionsViewModel.swift */,
			);
			path = Transactions;
			sourceTree = "<group>";
		};
		317EC4C925F2C3BD000977B2 /* AddTransaction */ = {
			isa = PBXGroup;
			children = (
				31DEB32C25F2C3F000537757 /* AddTransactionViewController.swift */,
				31DEB32F25F2C40F00537757 /* AddTransactionViewModel.swift */,
				31DEB33225F2C42000537757 /* AddTransactionCoordinator.swift */,
			);
			path = AddTransaction;
			sourceTree = "<group>";
		};
		31AC83E125F2BD16009C541C /* Protocols */ = {
			isa = PBXGroup;
			children = (
				31AC83E225F2BD2D009C541C /* Coordinator.swift */,
				31DFF97F25F37FFF009249CF /* ReuseIdentifiable.swift */,
			);
			path = Protocols;
			sourceTree = "<group>";
		};
		31DEB33F25F2CEA700537757 /* Models */ = {
			isa = PBXGroup;
			children = (
				319F0B5325F2D05A006CBD0C /* Account+CoreDataClass.swift */,
				319F0B5425F2D05A006CBD0C /* Account+CoreDataProperties.swift */,
				319F0B5525F2D05B006CBD0C /* Transaction+CoreDataClass.swift */,
				319F0B5625F2D05B006CBD0C /* Transaction+CoreDataProperties.swift */,
				31751A6D25F2DFFA00B17CAC /* BTCRate.swift */,
			);
			path = Models;
			sourceTree = "<group>";
		};
		31DFF97A25F37FEA009249CF /* TableView */ = {
			isa = PBXGroup;
			children = (
				31DFF97B25F37FF5009249CF /* TransactionTableViewCell.swift */,
			);
			path = TableView;
			sourceTree = "<group>";
		};
/* End PBXGroup section */

/* Begin PBXNativeTarget section */
		3175D0B725F2B97B00B0AE2D /* BudgetViewer */ = {
			isa = PBXNativeTarget;
			buildConfigurationList = 3175D0CF25F2B97F00B0AE2D /* Build configuration list for PBXNativeTarget "BudgetViewer" */;
			buildPhases = (
				3175D0B425F2B97B00B0AE2D /* Sources */,
				3175D0B525F2B97B00B0AE2D /* Frameworks */,
				3175D0B625F2B97B00B0AE2D /* Resources */,
			);
			buildRules = (
			);
			dependencies = (
			);
			name = BudgetViewer;
			productName = BudgetViewer;
			productReference = 3175D0B825F2B97B00B0AE2D /* BudgetViewer.app */;
			productType = "com.apple.product-type.application";
		};
/* End PBXNativeTarget section */

/* Begin PBXProject section */
		3175D0B025F2B97B00B0AE2D /* Project object */ = {
			isa = PBXProject;
			attributes = {
				LastSwiftUpdateCheck = 1240;
				LastUpgradeCheck = 1240;
				TargetAttributes = {
					3175D0B725F2B97B00B0AE2D = {
						CreatedOnToolsVersion = 12.4;
					};
				};
			};
			buildConfigurationList = 3175D0B325F2B97B00B0AE2D /* Build configuration list for PBXProject "BudgetViewer" */;
			compatibilityVersion = "Xcode 9.3";
			developmentRegion = en;
			hasScannedForEncodings = 0;
			knownRegions = (
				en,
				Base,
			);
			mainGroup = 3175D0AF25F2B97B00B0AE2D;
			productRefGroup = 3175D0B925F2B97B00B0AE2D /* Products */;
			projectDirPath = "";
			projectRoot = "";
			targets = (
				3175D0B725F2B97B00B0AE2D /* BudgetViewer */,
			);
		};
/* End PBXProject section */

/* Begin PBXResourcesBuildPhase section */
		3175D0B625F2B97B00B0AE2D /* Resources */ = {
			isa = PBXResourcesBuildPhase;
			buildActionMask = 2147483647;
			files = (
				3175D0CB25F2B97F00B0AE2D /* LaunchScreen.storyboard in Resources */,
				3175D0C825F2B97F00B0AE2D /* Assets.xcassets in Resources */,
			);
			runOnlyForDeploymentPostprocessing = 0;
		};
/* End PBXResourcesBuildPhase section */

/* Begin PBXSourcesBuildPhase section */
		3175D0B425F2B97B00B0AE2D /* Sources */ = {
			isa = PBXSourcesBuildPhase;
			buildActionMask = 2147483647;
			files = (
				31AC83E325F2BD2D009C541C /* Coordinator.swift in Sources */,
				3175D0BC25F2B97B00B0AE2D /* AppDelegate.swift in Sources */,
				31AC83EA25F2BDD1009C541C /* TransactionsViewController.swift in Sources */,
				319F0B5825F2D05B006CBD0C /* Account+CoreDataProperties.swift in Sources */,
				31DEB33025F2C40F00537757 /* AddTransactionViewModel.swift in Sources */,
				319F0B5A25F2D05B006CBD0C /* Transaction+CoreDataProperties.swift in Sources */,
				31DFF98025F37FFF009249CF /* ReuseIdentifiable.swift in Sources */,
				31AC83E725F2BD65009C541C /* AppCoordinator.swift in Sources */,
				31751A6725F2DCE300B17CAC /* Category.swift in Sources */,
				31751A6B25F2DF5700B17CAC /* Urls.swift in Sources */,
				3175D0C625F2B97B00B0AE2D /* BudgetViewer.xcdatamodeld in Sources */,
				31DFF97C25F37FF5009249CF /* TransactionTableViewCell.swift in Sources */,
				31AC83F025F2C220009C541C /* TransactionsCoordinator.swift in Sources */,
				319F0B5725F2D05B006CBD0C /* Account+CoreDataClass.swift in Sources */,
				31DEB32D25F2C3F000537757 /* AddTransactionViewController.swift in Sources */,
				319F0B5925F2D05B006CBD0C /* Transaction+CoreDataClass.swift in Sources */,
				31AC83ED25F2BDFE009C541C /* TransactionsViewModel.swift in Sources */,
				31751A6E25F2DFFA00B17CAC /* BTCRate.swift in Sources */,
				31DEB33325F2C42000537757 /* AddTransactionCoordinator.swift in Sources */,
				3175D0D425F2BAD900B0AE2D /* CoreDataManager.swift in Sources */,
			);
			runOnlyForDeploymentPostprocessing = 0;
		};
/* End PBXSourcesBuildPhase section */

/* Begin PBXVariantGroup section */
		3175D0C925F2B97F00B0AE2D /* LaunchScreen.storyboard */ = {
			isa = PBXVariantGroup;
			children = (
				3175D0CA25F2B97F00B0AE2D /* Base */,
			);
			name = LaunchScreen.storyboard;
			sourceTree = "<group>";
		};
/* End PBXVariantGroup section */

/* Begin XCBuildConfiguration section */
		3175D0CD25F2B97F00B0AE2D /* Debug */ = {
			isa = XCBuildConfiguration;
			buildSettings = {
				ALWAYS_SEARCH_USER_PATHS = NO;
				CLANG_ANALYZER_NONNULL = YES;
				CLANG_ANALYZER_NUMBER_OBJECT_CONVERSION = YES_AGGRESSIVE;
				CLANG_CXX_LANGUAGE_STANDARD = "gnu++14";
				CLANG_CXX_LIBRARY = "libc++";
				CLANG_ENABLE_MODULES = YES;
				CLANG_ENABLE_OBJC_ARC = YES;
				CLANG_ENABLE_OBJC_WEAK = YES;
				CLANG_WARN_BLOCK_CAPTURE_AUTORELEASING = YES;
				CLANG_WARN_BOOL_CONVERSION = YES;
				CLANG_WARN_COMMA = YES;
				CLANG_WARN_CONSTANT_CONVERSION = YES;
				CLANG_WARN_DEPRECATED_OBJC_IMPLEMENTATIONS = YES;
				CLANG_WARN_DIRECT_OBJC_ISA_USAGE = YES_ERROR;
				CLANG_WARN_DOCUMENTATION_COMMENTS = YES;
				CLANG_WARN_EMPTY_BODY = YES;
				CLANG_WARN_ENUM_CONVERSION = YES;
				CLANG_WARN_INFINITE_RECURSION = YES;
				CLANG_WARN_INT_CONVERSION = YES;
				CLANG_WARN_NON_LITERAL_NULL_CONVERSION = YES;
				CLANG_WARN_OBJC_IMPLICIT_RETAIN_SELF = YES;
				CLANG_WARN_OBJC_LITERAL_CONVERSION = YES;
				CLANG_WARN_OBJC_ROOT_CLASS = YES_ERROR;
				CLANG_WARN_QUOTED_INCLUDE_IN_FRAMEWORK_HEADER = YES;
				CLANG_WARN_RANGE_LOOP_ANALYSIS = YES;
				CLANG_WARN_STRICT_PROTOTYPES = YES;
				CLANG_WARN_SUSPICIOUS_MOVE = YES;
				CLANG_WARN_UNGUARDED_AVAILABILITY = YES_AGGRESSIVE;
				CLANG_WARN_UNREACHABLE_CODE = YES;
				CLANG_WARN__DUPLICATE_METHOD_MATCH = YES;
				COPY_PHASE_STRIP = NO;
				DEBUG_INFORMATION_FORMAT = dwarf;
				ENABLE_STRICT_OBJC_MSGSEND = YES;
				ENABLE_TESTABILITY = YES;
				GCC_C_LANGUAGE_STANDARD = gnu11;
				GCC_DYNAMIC_NO_PIC = NO;
				GCC_NO_COMMON_BLOCKS = YES;
				GCC_OPTIMIZATION_LEVEL = 0;
				GCC_PREPROCESSOR_DEFINITIONS = (
					"DEBUG=1",
					"$(inherited)",
				);
				GCC_WARN_64_TO_32_BIT_CONVERSION = YES;
				GCC_WARN_ABOUT_RETURN_TYPE = YES_ERROR;
				GCC_WARN_UNDECLARED_SELECTOR = YES;
				GCC_WARN_UNINITIALIZED_AUTOS = YES_AGGRESSIVE;
				GCC_WARN_UNUSED_FUNCTION = YES;
				GCC_WARN_UNUSED_VARIABLE = YES;
				IPHONEOS_DEPLOYMENT_TARGET = 14.4;
				MTL_ENABLE_DEBUG_INFO = INCLUDE_SOURCE;
				MTL_FAST_MATH = YES;
				ONLY_ACTIVE_ARCH = YES;
				SDKROOT = iphoneos;
				SWIFT_ACTIVE_COMPILATION_CONDITIONS = DEBUG;
				SWIFT_OPTIMIZATION_LEVEL = "-Onone";
			};
			name = Debug;
		};
		3175D0CE25F2B97F00B0AE2D /* Release */ = {
			isa = XCBuildConfiguration;
			buildSettings = {
				ALWAYS_SEARCH_USER_PATHS = NO;
				CLANG_ANALYZER_NONNULL = YES;
				CLANG_ANALYZER_NUMBER_OBJECT_CONVERSION = YES_AGGRESSIVE;
				CLANG_CXX_LANGUAGE_STANDARD = "gnu++14";
				CLANG_CXX_LIBRARY = "libc++";
				CLANG_ENABLE_MODULES = YES;
				CLANG_ENABLE_OBJC_ARC = YES;
				CLANG_ENABLE_OBJC_WEAK = YES;
				CLANG_WARN_BLOCK_CAPTURE_AUTORELEASING = YES;
				CLANG_WARN_BOOL_CONVERSION = YES;
				CLANG_WARN_COMMA = YES;
				CLANG_WARN_CONSTANT_CONVERSION = YES;
				CLANG_WARN_DEPRECATED_OBJC_IMPLEMENTATIONS = YES;
				CLANG_WARN_DIRECT_OBJC_ISA_USAGE = YES_ERROR;
				CLANG_WARN_DOCUMENTATION_COMMENTS = YES;
				CLANG_WARN_EMPTY_BODY = YES;
				CLANG_WARN_ENUM_CONVERSION = YES;
				CLANG_WARN_INFINITE_RECURSION = YES;
				CLANG_WARN_INT_CONVERSION = YES;
				CLANG_WARN_NON_LITERAL_NULL_CONVERSION = YES;
				CLANG_WARN_OBJC_IMPLICIT_RETAIN_SELF = YES;
				CLANG_WARN_OBJC_LITERAL_CONVERSION = YES;
				CLANG_WARN_OBJC_ROOT_CLASS = YES_ERROR;
				CLANG_WARN_QUOTED_INCLUDE_IN_FRAMEWORK_HEADER = YES;
				CLANG_WARN_RANGE_LOOP_ANALYSIS = YES;
				CLANG_WARN_STRICT_PROTOTYPES = YES;
				CLANG_WARN_SUSPICIOUS_MOVE = YES;
				CLANG_WARN_UNGUARDED_AVAILABILITY = YES_AGGRESSIVE;
				CLANG_WARN_UNREACHABLE_CODE = YES;
				CLANG_WARN__DUPLICATE_METHOD_MATCH = YES;
				COPY_PHASE_STRIP = NO;
				DEBUG_INFORMATION_FORMAT = "dwarf-with-dsym";
				ENABLE_NS_ASSERTIONS = NO;
				ENABLE_STRICT_OBJC_MSGSEND = YES;
				GCC_C_LANGUAGE_STANDARD = gnu11;
				GCC_NO_COMMON_BLOCKS = YES;
				GCC_WARN_64_TO_32_BIT_CONVERSION = YES;
				GCC_WARN_ABOUT_RETURN_TYPE = YES_ERROR;
				GCC_WARN_UNDECLARED_SELECTOR = YES;
				GCC_WARN_UNINITIALIZED_AUTOS = YES_AGGRESSIVE;
				GCC_WARN_UNUSED_FUNCTION = YES;
				GCC_WARN_UNUSED_VARIABLE = YES;
				IPHONEOS_DEPLOYMENT_TARGET = 14.4;
				MTL_ENABLE_DEBUG_INFO = NO;
				MTL_FAST_MATH = YES;
				SDKROOT = iphoneos;
				SWIFT_COMPILATION_MODE = wholemodule;
				SWIFT_OPTIMIZATION_LEVEL = "-O";
				VALIDATE_PRODUCT = YES;
			};
			name = Release;
		};
		3175D0D025F2B97F00B0AE2D /* Debug */ = {
			isa = XCBuildConfiguration;
			buildSettings = {
				ASSETCATALOG_COMPILER_APPICON_NAME = AppIcon;
				ASSETCATALOG_COMPILER_GLOBAL_ACCENT_COLOR_NAME = AccentColor;
				CODE_SIGN_STYLE = Automatic;
				DEVELOPMENT_TEAM = W25X3836JP;
				INFOPLIST_FILE = BudgetViewer/Info.plist;
				LD_RUNPATH_SEARCH_PATHS = (
					"$(inherited)",
					"@executable_path/Frameworks",
				);
				PRODUCT_BUNDLE_IDENTIFIER = com.andriimoisol.BudgetViewer;
				PRODUCT_NAME = "$(TARGET_NAME)";
				SWIFT_VERSION = 5.0;
				TARGETED_DEVICE_FAMILY = "1,2";
			};
			name = Debug;
		};
		3175D0D125F2B97F00B0AE2D /* Release */ = {
			isa = XCBuildConfiguration;
			buildSettings = {
				ASSETCATALOG_COMPILER_APPICON_NAME = AppIcon;
				ASSETCATALOG_COMPILER_GLOBAL_ACCENT_COLOR_NAME = AccentColor;
				CODE_SIGN_STYLE = Automatic;
				DEVELOPMENT_TEAM = W25X3836JP;
				INFOPLIST_FILE = BudgetViewer/Info.plist;
				LD_RUNPATH_SEARCH_PATHS = (
					"$(inherited)",
					"@executable_path/Frameworks",
				);
				PRODUCT_BUNDLE_IDENTIFIER = com.andriimoisol.BudgetViewer;
				PRODUCT_NAME = "$(TARGET_NAME)";
				SWIFT_VERSION = 5.0;
				TARGETED_DEVICE_FAMILY = "1,2";
			};
			name = Release;
		};
/* End XCBuildConfiguration section */

/* Begin XCConfigurationList section */
		3175D0B325F2B97B00B0AE2D /* Build configuration list for PBXProject "BudgetViewer" */ = {
			isa = XCConfigurationList;
			buildConfigurations = (
				3175D0CD25F2B97F00B0AE2D /* Debug */,
				3175D0CE25F2B97F00B0AE2D /* Release */,
			);
			defaultConfigurationIsVisible = 0;
			defaultConfigurationName = Release;
		};
		3175D0CF25F2B97F00B0AE2D /* Build configuration list for PBXNativeTarget "BudgetViewer" */ = {
			isa = XCConfigurationList;
			buildConfigurations = (
				3175D0D025F2B97F00B0AE2D /* Debug */,
				3175D0D125F2B97F00B0AE2D /* Release */,
			);
			defaultConfigurationIsVisible = 0;
			defaultConfigurationName = Release;
		};
/* End XCConfigurationList section */

/* Begin XCVersionGroup section */
		3175D0C425F2B97B00B0AE2D /* BudgetViewer.xcdatamodeld */ = {
			isa = XCVersionGroup;
			children = (
				3175D0C525F2B97B00B0AE2D /* BudgetViewer.xcdatamodel */,
			);
			currentVersion = 3175D0C525F2B97B00B0AE2D /* BudgetViewer.xcdatamodel */;
			path = BudgetViewer.xcdatamodeld;
			sourceTree = "<group>";
			versionGroupType = wrapper.xcdatamodel;
		};
/* End XCVersionGroup section */
	};
	rootObject = 3175D0B025F2B97B00B0AE2D /* Project object */;
}
